
Microsoft Visual Studio Solution File, Format Version 12.00
# Visual Studio 14
VisualStudioVersion = 14.0.25420.1
MinimumVisualStudioVersion = 10.0.40219.1
Project("{FAE04EC0-301F-11D3-BF4B-00C04F79EFBC}") = "TeduShop.Common", "TeduShop.Common\TeduShop.Common.csproj", "{1B26D1E7-B2A7-44D0-8C75-75292CF6A5C2}"
EndProject
Project("{FAE04EC0-301F-11D3-BF4B-00C04F79EFBC}") = "TeduShop.Model", "TeduShop.Model\TeduShop.Model.csproj", "{09EF34DA-7E7A-4057-BF3D-64DE65CBE41C}"
EndProject
Project("{FAE04EC0-301F-11D3-BF4B-00C04F79EFBC}") = "TeduShop.Data", "TeduShop.Data\TeduShop.Data.csproj", "{ABB7EB86-9DE7-4C6A-B023-B9010085ED22}"
EndProject
Project("{FAE04EC0-301F-11D3-BF4B-00C04F79EFBC}") = "TeduShop.Service", "TeduShop.Service\TeduShop.Service.csproj", "{EE52B1AA-BDED-4AD4-B8A0-EF70C12B8192}"
EndProject
Project("{FAE04EC0-301F-11D3-BF4B-00C04F79EFBC}") = "TeduShop.UnitTest", "TeduShop.UnitTest\TeduShop.UnitTest.csproj", "{37D69641-0F88-4391-81C4-4C387F2CBA1C}"
EndProject
Project("{FAE04EC0-301F-11D3-BF4B-00C04F79EFBC}") = "TeduShop.Web", "TeduShop.Web\TeduShop.Web.csproj", "{40B4D27E-3654-4B52-9E01-70F7A5A15D36}"
EndProject
Global
	GlobalSection(SolutionConfigurationPlatforms) = preSolution
		Debug|Any CPU = Debug|Any CPU
		Release|Any CPU = Release|Any CPU
	EndGlobalSection
	GlobalSection(ProjectConfigurationPlatforms) = postSolution
		{1B26D1E7-B2A7-44D0-8C75-75292CF6A5C2}.Debug|Any CPU.ActiveCfg = Debug|Any CPU
		{1B26D1E7-B2A7-44D0-8C75-75292CF6A5C2}.Debug|Any CPU.Build.0 = Debug|Any CPU
		{1B26D1E7-B2A7-44D0-8C75-75292CF6A5C2}.Release|Any CPU.ActiveCfg = Release|Any CPU
		{1B26D1E7-B2A7-44D0-8C75-75292CF6A5C2}.Release|Any CPU.Build.0 = Release|Any CPU
		{09EF34DA-7E7A-4057-BF3D-64DE65CBE41C}.Debug|Any CPU.ActiveCfg = Debug|Any CPU
		{09EF34DA-7E7A-4057-BF3D-64DE65CBE41C}.Debug|Any CPU.Build.0 = Debug|Any CPU
		{09EF34DA-7E7A-4057-BF3D-64DE65CBE41C}.Release|Any CPU.ActiveCfg = Release|Any CPU
		{09EF34DA-7E7A-4057-BF3D-64DE65CBE41C}.Release|Any CPU.Build.0 = Release|Any CPU
		{ABB7EB86-9DE7-4C6A-B023-B9010085ED22}.Debug|Any CPU.ActiveCfg = Debug|Any CPU
		{ABB7EB86-9DE7-4C6A-B023-B9010085ED22}.Debug|Any CPU.Build.0 = Debug|Any CPU
		{ABB7EB86-9DE7-4C6A-B023-B9010085ED22}.Release|Any CPU.ActiveCfg = Release|Any CPU
		{ABB7EB86-9DE7-4C6A-B023-B9010085ED22}.Release|Any CPU.Build.0 = Release|Any CPU
		{EE52B1AA-BDED-4AD4-B8A0-EF70C12B8192}.Debug|Any CPU.ActiveCfg = Debug|Any CPU
		{EE52B1AA-BDED-4AD4-B8A0-EF70C12B8192}.Debug|Any CPU.Build.0 = Debug|Any CPU
		{EE52B1AA-BDED-4AD4-B8A0-EF70C12B8192}.Release|Any CPU.ActiveCfg = Release|Any CPU
		{EE52B1AA-BDED-4AD4-B8A0-EF70C12B8192}.Release|Any CPU.Build.0 = Release|Any CPU
		{37D69641-0F88-4391-81C4-4C387F2CBA1C}.Debug|Any CPU.ActiveCfg = Debug|Any CPU
		{37D69641-0F88-4391-81C4-4C387F2CBA1C}.Debug|Any CPU.Build.0 = Debug|Any CPU
		{37D69641-0F88-4391-81C4-4C387F2CBA1C}.Release|Any CPU.ActiveCfg = Release|Any CPU
		{37D69641-0F88-4391-81C4-4C387F2CBA1C}.Release|Any CPU.Build.0 = Release|Any CPU
		{40B4D27E-3654-4B52-9E01-70F7A5A15D36}.Debug|Any CPU.ActiveCfg = Debug|Any CPU
		{40B4D27E-3654-4B52-9E01-70F7A5A15D36}.Debug|Any CPU.Build.0 = Debug|Any CPU
		{40B4D27E-3654-4B52-9E01-70F7A5A15D36}.Release|Any CPU.ActiveCfg = Release|Any CPU
		{40B4D27E-3654-4B52-9E01-70F7A5A15D36}.Release|Any CPU.Build.0 = Release|Any CPU
	EndGlobalSection
	GlobalSection(SolutionProperties) = preSolution
		HideSolutionNode = FALSE
	EndGlobalSection
EndGlobal
